
Microsoft Visual Studio Solution File, Format Version 12.00
# Visual Studio 15
VisualStudioVersion = 15.0.28010.2016
MinimumVisualStudioVersion = 10.0.40219.1
Project("{F184B08F-C81C-45F6-A57F-5ABD9991F28F}") = "PruebaWEBvb", "PruebaWEBvb\PruebaWEBvb.vbproj", "{E29EC2FF-0B6B-4989-B2A1-39A8FFED1594}"
EndProject
Global
	GlobalSection(SolutionConfigurationPlatforms) = preSolution
		Debug|Any CPU = Debug|Any CPU
		Release|Any CPU = Release|Any CPU
	EndGlobalSection
	GlobalSection(ProjectConfigurationPlatforms) = postSolution
		{E29EC2FF-0B6B-4989-B2A1-39A8FFED1594}.Debug|Any CPU.ActiveCfg = Debug|Any CPU
		{E29EC2FF-0B6B-4989-B2A1-39A8FFED1594}.Debug|Any CPU.Build.0 = Debug|Any CPU
		{E29EC2FF-0B6B-4989-B2A1-39A8FFED1594}.Release|Any CPU.ActiveCfg = Release|Any CPU
		{E29EC2FF-0B6B-4989-B2A1-39A8FFED1594}.Release|Any CPU.Build.0 = Release|Any CPU
	EndGlobalSection
	GlobalSection(SolutionProperties) = preSolution
		HideSolutionNode = FALSE
	EndGlobalSection
	GlobalSection(ExtensibilityGlobals) = postSolution
		SolutionGuid = {4DDA9299-2B3E-4AE7-9851-7142DD088318}
	EndGlobalSection
EndGlobal
